// !$*UTF8*$!
{
	archiveVersion = 1;
	classes = {
	};
	objectVersion = 55;
	objects = {

/* Begin PBXBuildFile section */
		0BD55F7E6AC91E25F1B087BD /* Pods_Teamr_MyAppDependency_Teamr.framework in Frameworks */ = {isa = PBXBuildFile; fileRef = F7810CB57A168F7C7E58E30C /* Pods_Teamr_MyAppDependency_Teamr.framework */; };
		290876BE2AAF9E6B00573FBD /* AppDelegate.swift in Sources */ = {isa = PBXBuildFile; fileRef = 290876BD2AAF9E6B00573FBD /* AppDelegate.swift */; };
		290876C02AAF9E6B00573FBD /* SceneDelegate.swift in Sources */ = {isa = PBXBuildFile; fileRef = 290876BF2AAF9E6B00573FBD /* SceneDelegate.swift */; };
		290876C22AAF9E6B00573FBD /* EmployeeDirectoryViewController.swift in Sources */ = {isa = PBXBuildFile; fileRef = 290876C12AAF9E6B00573FBD /* EmployeeDirectoryViewController.swift */; };
		290876C52AAF9E6B00573FBD /* EmployeeDirectoryViewController.storyboard in Resources */ = {isa = PBXBuildFile; fileRef = 290876C32AAF9E6B00573FBD /* EmployeeDirectoryViewController.storyboard */; };
		290876C72AAF9E6D00573FBD /* Assets.xcassets in Resources */ = {isa = PBXBuildFile; fileRef = 290876C62AAF9E6D00573FBD /* Assets.xcassets */; };
		290876CA2AAF9E6D00573FBD /* LaunchScreen.storyboard in Resources */ = {isa = PBXBuildFile; fileRef = 290876C82AAF9E6D00573FBD /* LaunchScreen.storyboard */; };
		290876D52AAF9E6E00573FBD /* TeamrTests.swift in Sources */ = {isa = PBXBuildFile; fileRef = 290876D42AAF9E6E00573FBD /* TeamrTests.swift */; };
		29E6CF8D2AB03DFB007D0B37 /* EmployeeDirectoryInterfaces.swift in Sources */ = {isa = PBXBuildFile; fileRef = 29E6CF8C2AB03DFB007D0B37 /* EmployeeDirectoryInterfaces.swift */; };
		29E6CF8F2AB03E04007D0B37 /* EmployeeDirectoryModels.swift in Sources */ = {isa = PBXBuildFile; fileRef = 29E6CF8E2AB03E04007D0B37 /* EmployeeDirectoryModels.swift */; };
		29E6CF912AB03FC9007D0B37 /* EmployeeDirectoryInteractor.swift in Sources */ = {isa = PBXBuildFile; fileRef = 29E6CF902AB03FC9007D0B37 /* EmployeeDirectoryInteractor.swift */; };
		29E6CF932AB04037007D0B37 /* EmployeeDirectoryPresenter.swift in Sources */ = {isa = PBXBuildFile; fileRef = 29E6CF922AB04037007D0B37 /* EmployeeDirectoryPresenter.swift */; };
		29E6CF982AB046CF007D0B37 /* EmployeeDirectoryTableViewCell.swift in Sources */ = {isa = PBXBuildFile; fileRef = 29E6CF972AB046CF007D0B37 /* EmployeeDirectoryTableViewCell.swift */; };
		29E6CF9A2AB046E7007D0B37 /* EmployeeDirectoryTableViewCell.xib in Resources */ = {isa = PBXBuildFile; fileRef = 29E6CF992AB046E7007D0B37 /* EmployeeDirectoryTableViewCell.xib */; };
		29E6CF9C2AB04B49007D0B37 /* EmployeeDirectoryRouter.swift in Sources */ = {isa = PBXBuildFile; fileRef = 29E6CF9B2AB04B49007D0B37 /* EmployeeDirectoryRouter.swift */; };
		29E6CF9E2AB04B79007D0B37 /* Routables.swift in Sources */ = {isa = PBXBuildFile; fileRef = 29E6CF9D2AB04B79007D0B37 /* Routables.swift */; };
		29E6CFA02AB0519F007D0B37 /* UITableView.swift in Sources */ = {isa = PBXBuildFile; fileRef = 29E6CF9F2AB0519F007D0B37 /* UITableView.swift */; };
		E4C0F4481E7D2700BE5F64F1 /* Pods_Teamr_MyAppDependency_TeamrTests.framework in Frameworks */ = {isa = PBXBuildFile; fileRef = F1E3B16789564509BE91996B /* Pods_Teamr_MyAppDependency_TeamrTests.framework */; };
/* End PBXBuildFile section */

/* Begin PBXContainerItemProxy section */
		290876D12AAF9E6E00573FBD /* PBXContainerItemProxy */ = {
			isa = PBXContainerItemProxy;
			containerPortal = 290876B22AAF9E6B00573FBD /* Project object */;
			proxyType = 1;
			remoteGlobalIDString = 290876B92AAF9E6B00573FBD;
			remoteInfo = Teamr;
		};
/* End PBXContainerItemProxy section */

/* Begin PBXFileReference section */
		0919B23A6D2E63C6C7938624 /* Pods-Teamr-MyAppDependency-TeamrUITests.release.xcconfig */ = {isa = PBXFileReference; includeInIndex = 1; lastKnownFileType = text.xcconfig; name = "Pods-Teamr-MyAppDependency-TeamrUITests.release.xcconfig"; path = "Target Support Files/Pods-Teamr-MyAppDependency-TeamrUITests/Pods-Teamr-MyAppDependency-TeamrUITests.release.xcconfig"; sourceTree = "<group>"; };
		1FF90DE9733D12C44B4CD7A7 /* Pods_Teamr_MyAppDependency_TeamrUITests.framework */ = {isa = PBXFileReference; explicitFileType = wrapper.framework; includeInIndex = 0; path = Pods_Teamr_MyAppDependency_TeamrUITests.framework; sourceTree = BUILT_PRODUCTS_DIR; };
		290876BA2AAF9E6B00573FBD /* Teamr.app */ = {isa = PBXFileReference; explicitFileType = wrapper.application; includeInIndex = 0; path = Teamr.app; sourceTree = BUILT_PRODUCTS_DIR; };
		290876BD2AAF9E6B00573FBD /* AppDelegate.swift */ = {isa = PBXFileReference; lastKnownFileType = sourcecode.swift; path = AppDelegate.swift; sourceTree = "<group>"; };
		290876BF2AAF9E6B00573FBD /* SceneDelegate.swift */ = {isa = PBXFileReference; lastKnownFileType = sourcecode.swift; path = SceneDelegate.swift; sourceTree = "<group>"; };
		290876C12AAF9E6B00573FBD /* EmployeeDirectoryViewController.swift */ = {isa = PBXFileReference; lastKnownFileType = sourcecode.swift; path = EmployeeDirectoryViewController.swift; sourceTree = "<group>"; };
		290876C42AAF9E6B00573FBD /* Base */ = {isa = PBXFileReference; lastKnownFileType = file.storyboard; name = Base; path = Base.lproj/EmployeeDirectoryViewController.storyboard; sourceTree = "<group>"; };
		290876C62AAF9E6D00573FBD /* Assets.xcassets */ = {isa = PBXFileReference; lastKnownFileType = folder.assetcatalog; path = Assets.xcassets; sourceTree = "<group>"; };
		290876C92AAF9E6D00573FBD /* Base */ = {isa = PBXFileReference; lastKnownFileType = file.storyboard; name = Base; path = Base.lproj/LaunchScreen.storyboard; sourceTree = "<group>"; };
		290876CB2AAF9E6D00573FBD /* Info.plist */ = {isa = PBXFileReference; lastKnownFileType = text.plist.xml; path = Info.plist; sourceTree = "<group>"; };
		290876D02AAF9E6E00573FBD /* TeamrTests.xctest */ = {isa = PBXFileReference; explicitFileType = wrapper.cfbundle; includeInIndex = 0; path = TeamrTests.xctest; sourceTree = BUILT_PRODUCTS_DIR; };
		290876D42AAF9E6E00573FBD /* TeamrTests.swift */ = {isa = PBXFileReference; lastKnownFileType = sourcecode.swift; path = TeamrTests.swift; sourceTree = "<group>"; };
		29E6CF8C2AB03DFB007D0B37 /* EmployeeDirectoryInterfaces.swift */ = {isa = PBXFileReference; lastKnownFileType = sourcecode.swift; path = EmployeeDirectoryInterfaces.swift; sourceTree = "<group>"; };
		29E6CF8E2AB03E04007D0B37 /* EmployeeDirectoryModels.swift */ = {isa = PBXFileReference; lastKnownFileType = sourcecode.swift; path = EmployeeDirectoryModels.swift; sourceTree = "<group>"; };
		29E6CF902AB03FC9007D0B37 /* EmployeeDirectoryInteractor.swift */ = {isa = PBXFileReference; lastKnownFileType = sourcecode.swift; path = EmployeeDirectoryInteractor.swift; sourceTree = "<group>"; };
		29E6CF922AB04037007D0B37 /* EmployeeDirectoryPresenter.swift */ = {isa = PBXFileReference; lastKnownFileType = sourcecode.swift; path = EmployeeDirectoryPresenter.swift; sourceTree = "<group>"; };
		29E6CF972AB046CF007D0B37 /* EmployeeDirectoryTableViewCell.swift */ = {isa = PBXFileReference; lastKnownFileType = sourcecode.swift; path = EmployeeDirectoryTableViewCell.swift; sourceTree = "<group>"; };
		29E6CF992AB046E7007D0B37 /* EmployeeDirectoryTableViewCell.xib */ = {isa = PBXFileReference; lastKnownFileType = file.xib; path = EmployeeDirectoryTableViewCell.xib; sourceTree = "<group>"; };
		29E6CF9B2AB04B49007D0B37 /* EmployeeDirectoryRouter.swift */ = {isa = PBXFileReference; lastKnownFileType = sourcecode.swift; path = EmployeeDirectoryRouter.swift; sourceTree = "<group>"; };
		29E6CF9D2AB04B79007D0B37 /* Routables.swift */ = {isa = PBXFileReference; lastKnownFileType = sourcecode.swift; path = Routables.swift; sourceTree = "<group>"; };
		29E6CF9F2AB0519F007D0B37 /* UITableView.swift */ = {isa = PBXFileReference; lastKnownFileType = sourcecode.swift; path = UITableView.swift; sourceTree = "<group>"; };
		379D9EA41D191CE9E2297640 /* Pods-Teamr-MyAppDependency-TeamrTests.debug.xcconfig */ = {isa = PBXFileReference; includeInIndex = 1; lastKnownFileType = text.xcconfig; name = "Pods-Teamr-MyAppDependency-TeamrTests.debug.xcconfig"; path = "Target Support Files/Pods-Teamr-MyAppDependency-TeamrTests/Pods-Teamr-MyAppDependency-TeamrTests.debug.xcconfig"; sourceTree = "<group>"; };
		4607160551F964269A24E021 /* Pods-Teamr-MyAppDependency-Teamr.debug.xcconfig */ = {isa = PBXFileReference; includeInIndex = 1; lastKnownFileType = text.xcconfig; name = "Pods-Teamr-MyAppDependency-Teamr.debug.xcconfig"; path = "Target Support Files/Pods-Teamr-MyAppDependency-Teamr/Pods-Teamr-MyAppDependency-Teamr.debug.xcconfig"; sourceTree = "<group>"; };
		567B74D04E68D603675A3D77 /* Pods-Teamr-MyAppDependency-TeamrTests.release.xcconfig */ = {isa = PBXFileReference; includeInIndex = 1; lastKnownFileType = text.xcconfig; name = "Pods-Teamr-MyAppDependency-TeamrTests.release.xcconfig"; path = "Target Support Files/Pods-Teamr-MyAppDependency-TeamrTests/Pods-Teamr-MyAppDependency-TeamrTests.release.xcconfig"; sourceTree = "<group>"; };
		57E4622649CFDB82E90D289E /* Pods-Teamr-MyAppDependency-Teamr.release.xcconfig */ = {isa = PBXFileReference; includeInIndex = 1; lastKnownFileType = text.xcconfig; name = "Pods-Teamr-MyAppDependency-Teamr.release.xcconfig"; path = "Target Support Files/Pods-Teamr-MyAppDependency-Teamr/Pods-Teamr-MyAppDependency-Teamr.release.xcconfig"; sourceTree = "<group>"; };
		62F4F3F3B948E58101A1D69E /* Pods-Teamr.release.xcconfig */ = {isa = PBXFileReference; includeInIndex = 1; lastKnownFileType = text.xcconfig; name = "Pods-Teamr.release.xcconfig"; path = "Target Support Files/Pods-Teamr/Pods-Teamr.release.xcconfig"; sourceTree = "<group>"; };
		6480305C66C535F7160F972A /* Pods-Teamr-MyAppDependency-TeamrUITests.debug.xcconfig */ = {isa = PBXFileReference; includeInIndex = 1; lastKnownFileType = text.xcconfig; name = "Pods-Teamr-MyAppDependency-TeamrUITests.debug.xcconfig"; path = "Target Support Files/Pods-Teamr-MyAppDependency-TeamrUITests/Pods-Teamr-MyAppDependency-TeamrUITests.debug.xcconfig"; sourceTree = "<group>"; };
		DB023AD97AB45DC2FA8800F1 /* Pods-Teamr.debug.xcconfig */ = {isa = PBXFileReference; includeInIndex = 1; lastKnownFileType = text.xcconfig; name = "Pods-Teamr.debug.xcconfig"; path = "Target Support Files/Pods-Teamr/Pods-Teamr.debug.xcconfig"; sourceTree = "<group>"; };
		F1E3B16789564509BE91996B /* Pods_Teamr_MyAppDependency_TeamrTests.framework */ = {isa = PBXFileReference; explicitFileType = wrapper.framework; includeInIndex = 0; path = Pods_Teamr_MyAppDependency_TeamrTests.framework; sourceTree = BUILT_PRODUCTS_DIR; };
		F7810CB57A168F7C7E58E30C /* Pods_Teamr_MyAppDependency_Teamr.framework */ = {isa = PBXFileReference; explicitFileType = wrapper.framework; includeInIndex = 0; path = Pods_Teamr_MyAppDependency_Teamr.framework; sourceTree = BUILT_PRODUCTS_DIR; };
/* End PBXFileReference section */

/* Begin PBXFrameworksBuildPhase section */
		290876B72AAF9E6B00573FBD /* Frameworks */ = {
			isa = PBXFrameworksBuildPhase;
			buildActionMask = 2147483647;
			files = (
				0BD55F7E6AC91E25F1B087BD /* Pods_Teamr_MyAppDependency_Teamr.framework in Frameworks */,
			);
			runOnlyForDeploymentPostprocessing = 0;
		};
		290876CD2AAF9E6E00573FBD /* Frameworks */ = {
			isa = PBXFrameworksBuildPhase;
			buildActionMask = 2147483647;
			files = (
				E4C0F4481E7D2700BE5F64F1 /* Pods_Teamr_MyAppDependency_TeamrTests.framework in Frameworks */,
			);
			runOnlyForDeploymentPostprocessing = 0;
		};
/* End PBXFrameworksBuildPhase section */

/* Begin PBXGroup section */
		290876B12AAF9E6B00573FBD = {
			isa = PBXGroup;
			children = (
				290876BC2AAF9E6B00573FBD /* Teamr */,
				290876D32AAF9E6E00573FBD /* TeamrTests */,
				290876BB2AAF9E6B00573FBD /* Products */,
				7DE1805F9CD1B1FBFF554A00 /* Pods */,
				AF904A1789F43B84EFFC24D7 /* Frameworks */,
			);
			sourceTree = "<group>";
		};
		290876BB2AAF9E6B00573FBD /* Products */ = {
			isa = PBXGroup;
			children = (
				290876BA2AAF9E6B00573FBD /* Teamr.app */,
				290876D02AAF9E6E00573FBD /* TeamrTests.xctest */,
			);
			name = Products;
			sourceTree = "<group>";
		};
		290876BC2AAF9E6B00573FBD /* Teamr */ = {
			isa = PBXGroup;
			children = (
				290877372AB03A5D00573FBD /* Common */,
				290877362AB03A3B00573FBD /* Extensions */,
				290877352AB03A3300573FBD /* Scenes */,
				290877382AB03A6E00573FBD /* Resources */,
			);
			path = Teamr;
			sourceTree = "<group>";
		};
		290876D32AAF9E6E00573FBD /* TeamrTests */ = {
			isa = PBXGroup;
			children = (
				290876D42AAF9E6E00573FBD /* TeamrTests.swift */,
			);
			path = TeamrTests;
			sourceTree = "<group>";
		};
		290877342AB03A1400573FBD /* EmployeeDirectory */ = {
			isa = PBXGroup;
			children = (
				29E6CF942AB0457B007D0B37 /* Controls */,
				29E6CF8B2AB03D90007D0B37 /* Common */,
				290876C32AAF9E6B00573FBD /* EmployeeDirectoryViewController.storyboard */,
				290876C12AAF9E6B00573FBD /* EmployeeDirectoryViewController.swift */,
				29E6CF902AB03FC9007D0B37 /* EmployeeDirectoryInteractor.swift */,
				29E6CF922AB04037007D0B37 /* EmployeeDirectoryPresenter.swift */,
				29E6CF9B2AB04B49007D0B37 /* EmployeeDirectoryRouter.swift */,
			);
			path = EmployeeDirectory;
			sourceTree = "<group>";
		};
		290877352AB03A3300573FBD /* Scenes */ = {
			isa = PBXGroup;
			children = (
				290877342AB03A1400573FBD /* EmployeeDirectory */,
			);
			path = Scenes;
			sourceTree = "<group>";
		};
		290877362AB03A3B00573FBD /* Extensions */ = {
			isa = PBXGroup;
			children = (
				29E6CF9F2AB0519F007D0B37 /* UITableView.swift */,
			);
			path = Extensions;
			sourceTree = "<group>";
		};
		290877372AB03A5D00573FBD /* Common */ = {
			isa = PBXGroup;
			children = (
				290876BD2AAF9E6B00573FBD /* AppDelegate.swift */,
				290876BF2AAF9E6B00573FBD /* SceneDelegate.swift */,
				29E6CF9D2AB04B79007D0B37 /* Routables.swift */,
			);
			path = Common;
			sourceTree = "<group>";
		};
		290877382AB03A6E00573FBD /* Resources */ = {
			isa = PBXGroup;
			children = (
				290876C62AAF9E6D00573FBD /* Assets.xcassets */,
				290876C82AAF9E6D00573FBD /* LaunchScreen.storyboard */,
				290876CB2AAF9E6D00573FBD /* Info.plist */,
			);
			path = Resources;
			sourceTree = "<group>";
		};
		29E6CF8B2AB03D90007D0B37 /* Common */ = {
			isa = PBXGroup;
			children = (
				29E6CF8C2AB03DFB007D0B37 /* EmployeeDirectoryInterfaces.swift */,
				29E6CF8E2AB03E04007D0B37 /* EmployeeDirectoryModels.swift */,
			);
			path = Common;
			sourceTree = "<group>";
		};
		29E6CF942AB0457B007D0B37 /* Controls */ = {
			isa = PBXGroup;
			children = (
				29E6CF992AB046E7007D0B37 /* EmployeeDirectoryTableViewCell.xib */,
				29E6CF972AB046CF007D0B37 /* EmployeeDirectoryTableViewCell.swift */,
			);
			path = Controls;
			sourceTree = "<group>";
		};
		7DE1805F9CD1B1FBFF554A00 /* Pods */ = {
			isa = PBXGroup;
			children = (
				DB023AD97AB45DC2FA8800F1 /* Pods-Teamr.debug.xcconfig */,
				62F4F3F3B948E58101A1D69E /* Pods-Teamr.release.xcconfig */,
				4607160551F964269A24E021 /* Pods-Teamr-MyAppDependency-Teamr.debug.xcconfig */,
				57E4622649CFDB82E90D289E /* Pods-Teamr-MyAppDependency-Teamr.release.xcconfig */,
				379D9EA41D191CE9E2297640 /* Pods-Teamr-MyAppDependency-TeamrTests.debug.xcconfig */,
				567B74D04E68D603675A3D77 /* Pods-Teamr-MyAppDependency-TeamrTests.release.xcconfig */,
				6480305C66C535F7160F972A /* Pods-Teamr-MyAppDependency-TeamrUITests.debug.xcconfig */,
				0919B23A6D2E63C6C7938624 /* Pods-Teamr-MyAppDependency-TeamrUITests.release.xcconfig */,
			);
			path = Pods;
			sourceTree = "<group>";
		};
		AF904A1789F43B84EFFC24D7 /* Frameworks */ = {
			isa = PBXGroup;
			children = (
				F1E3B16789564509BE91996B /* Pods_Teamr_MyAppDependency_TeamrTests.framework */,
				1FF90DE9733D12C44B4CD7A7 /* Pods_Teamr_MyAppDependency_TeamrUITests.framework */,
				F7810CB57A168F7C7E58E30C /* Pods_Teamr_MyAppDependency_Teamr.framework */,
			);
			name = Frameworks;
			sourceTree = "<group>";
		};
/* End PBXGroup section */

/* Begin PBXNativeTarget section */
		290876B92AAF9E6B00573FBD /* Teamr */ = {
			isa = PBXNativeTarget;
			buildConfigurationList = 290876E42AAF9E6E00573FBD /* Build configuration list for PBXNativeTarget "Teamr" */;
			buildPhases = (
				11A8159B426868EAF2A3DEB8 /* [CP] Check Pods Manifest.lock */,
				290876B62AAF9E6B00573FBD /* Sources */,
				290876B72AAF9E6B00573FBD /* Frameworks */,
				290876B82AAF9E6B00573FBD /* Resources */,
				1546CCD7210FC0754C9ACACF /* [CP] Embed Pods Frameworks */,
			);
			buildRules = (
			);
			dependencies = (
			);
			name = Teamr;
			productName = Teamr;
			productReference = 290876BA2AAF9E6B00573FBD /* Teamr.app */;
			productType = "com.apple.product-type.application";
		};
		290876CF2AAF9E6E00573FBD /* TeamrTests */ = {
			isa = PBXNativeTarget;
			buildConfigurationList = 290876E72AAF9E6E00573FBD /* Build configuration list for PBXNativeTarget "TeamrTests" */;
			buildPhases = (
				5215A54B5814EA7F0272C527 /* [CP] Check Pods Manifest.lock */,
				290876CC2AAF9E6E00573FBD /* Sources */,
				290876CD2AAF9E6E00573FBD /* Frameworks */,
				290876CE2AAF9E6E00573FBD /* Resources */,
				D11AB2BD93B4A08658E576EB /* [CP] Embed Pods Frameworks */,
			);
			buildRules = (
			);
			dependencies = (
				290876D22AAF9E6E00573FBD /* PBXTargetDependency */,
			);
			name = TeamrTests;
			productName = TeamrTests;
			productReference = 290876D02AAF9E6E00573FBD /* TeamrTests.xctest */;
			productType = "com.apple.product-type.bundle.unit-test";
		};
/* End PBXNativeTarget section */

/* Begin PBXProject section */
		290876B22AAF9E6B00573FBD /* Project object */ = {
			isa = PBXProject;
			attributes = {
				BuildIndependentTargetsInParallel = 1;
				LastSwiftUpdateCheck = 1340;
				LastUpgradeCheck = 1340;
				TargetAttributes = {
					290876B92AAF9E6B00573FBD = {
						CreatedOnToolsVersion = 13.4.1;
					};
					290876CF2AAF9E6E00573FBD = {
						CreatedOnToolsVersion = 13.4.1;
						TestTargetID = 290876B92AAF9E6B00573FBD;
					};
				};
			};
			buildConfigurationList = 290876B52AAF9E6B00573FBD /* Build configuration list for PBXProject "Teamr" */;
			compatibilityVersion = "Xcode 13.0";
			developmentRegion = en;
			hasScannedForEncodings = 0;
			knownRegions = (
				en,
				Base,
			);
			mainGroup = 290876B12AAF9E6B00573FBD;
			productRefGroup = 290876BB2AAF9E6B00573FBD /* Products */;
			projectDirPath = "";
			projectRoot = "";
			targets = (
				290876B92AAF9E6B00573FBD /* Teamr */,
				290876CF2AAF9E6E00573FBD /* TeamrTests */,
			);
		};
/* End PBXProject section */

/* Begin PBXResourcesBuildPhase section */
		290876B82AAF9E6B00573FBD /* Resources */ = {
			isa = PBXResourcesBuildPhase;
			buildActionMask = 2147483647;
			files = (
				290876CA2AAF9E6D00573FBD /* LaunchScreen.storyboard in Resources */,
				290876C72AAF9E6D00573FBD /* Assets.xcassets in Resources */,
				290876C52AAF9E6B00573FBD /* EmployeeDirectoryViewController.storyboard in Resources */,
				29E6CF9A2AB046E7007D0B37 /* EmployeeDirectoryTableViewCell.xib in Resources */,
			);
			runOnlyForDeploymentPostprocessing = 0;
		};
		290876CE2AAF9E6E00573FBD /* Resources */ = {
			isa = PBXResourcesBuildPhase;
			buildActionMask = 2147483647;
			files = (
			);
			runOnlyForDeploymentPostprocessing = 0;
		};
/* End PBXResourcesBuildPhase section */

/* Begin PBXShellScriptBuildPhase section */
		11A8159B426868EAF2A3DEB8 /* [CP] Check Pods Manifest.lock */ = {
			isa = PBXShellScriptBuildPhase;
			buildActionMask = 2147483647;
			files = (
			);
			inputFileListPaths = (
			);
			inputPaths = (
				"${PODS_PODFILE_DIR_PATH}/Podfile.lock",
				"${PODS_ROOT}/Manifest.lock",
			);
			name = "[CP] Check Pods Manifest.lock";
			outputFileListPaths = (
			);
			outputPaths = (
				"$(DERIVED_FILE_DIR)/Pods-Teamr-MyAppDependency-Teamr-checkManifestLockResult.txt",
			);
			runOnlyForDeploymentPostprocessing = 0;
			shellPath = /bin/sh;
			shellScript = "diff \"${PODS_PODFILE_DIR_PATH}/Podfile.lock\" \"${PODS_ROOT}/Manifest.lock\" > /dev/null\nif [ $? != 0 ] ; then\n    # print error to STDERR\n    echo \"error: The sandbox is not in sync with the Podfile.lock. Run 'pod install' or update your CocoaPods installation.\" >&2\n    exit 1\nfi\n# This output is used by Xcode 'outputs' to avoid re-running this script phase.\necho \"SUCCESS\" > \"${SCRIPT_OUTPUT_FILE_0}\"\n";
			showEnvVarsInLog = 0;
		};
		1546CCD7210FC0754C9ACACF /* [CP] Embed Pods Frameworks */ = {
			isa = PBXShellScriptBuildPhase;
			buildActionMask = 2147483647;
			files = (
			);
			inputFileListPaths = (
				"${PODS_ROOT}/Target Support Files/Pods-Teamr-MyAppDependency-Teamr/Pods-Teamr-MyAppDependency-Teamr-frameworks-${CONFIGURATION}-input-files.xcfilelist",
			);
			name = "[CP] Embed Pods Frameworks";
			outputFileListPaths = (
				"${PODS_ROOT}/Target Support Files/Pods-Teamr-MyAppDependency-Teamr/Pods-Teamr-MyAppDependency-Teamr-frameworks-${CONFIGURATION}-output-files.xcfilelist",
			);
			runOnlyForDeploymentPostprocessing = 0;
			shellPath = /bin/sh;
			shellScript = "\"${PODS_ROOT}/Target Support Files/Pods-Teamr-MyAppDependency-Teamr/Pods-Teamr-MyAppDependency-Teamr-frameworks.sh\"\n";
			showEnvVarsInLog = 0;
		};
		5215A54B5814EA7F0272C527 /* [CP] Check Pods Manifest.lock */ = {
			isa = PBXShellScriptBuildPhase;
			buildActionMask = 2147483647;
			files = (
			);
			inputFileListPaths = (
			);
			inputPaths = (
				"${PODS_PODFILE_DIR_PATH}/Podfile.lock",
				"${PODS_ROOT}/Manifest.lock",
			);
			name = "[CP] Check Pods Manifest.lock";
			outputFileListPaths = (
			);
			outputPaths = (
				"$(DERIVED_FILE_DIR)/Pods-Teamr-MyAppDependency-TeamrTests-checkManifestLockResult.txt",
			);
			runOnlyForDeploymentPostprocessing = 0;
			shellPath = /bin/sh;
			shellScript = "diff \"${PODS_PODFILE_DIR_PATH}/Podfile.lock\" \"${PODS_ROOT}/Manifest.lock\" > /dev/null\nif [ $? != 0 ] ; then\n    # print error to STDERR\n    echo \"error: The sandbox is not in sync with the Podfile.lock. Run 'pod install' or update your CocoaPods installation.\" >&2\n    exit 1\nfi\n# This output is used by Xcode 'outputs' to avoid re-running this script phase.\necho \"SUCCESS\" > \"${SCRIPT_OUTPUT_FILE_0}\"\n";
			showEnvVarsInLog = 0;
		};
		D11AB2BD93B4A08658E576EB /* [CP] Embed Pods Frameworks */ = {
			isa = PBXShellScriptBuildPhase;
			buildActionMask = 2147483647;
			files = (
			);
			inputFileListPaths = (
				"${PODS_ROOT}/Target Support Files/Pods-Teamr-MyAppDependency-TeamrTests/Pods-Teamr-MyAppDependency-TeamrTests-frameworks-${CONFIGURATION}-input-files.xcfilelist",
			);
			name = "[CP] Embed Pods Frameworks";
			outputFileListPaths = (
				"${PODS_ROOT}/Target Support Files/Pods-Teamr-MyAppDependency-TeamrTests/Pods-Teamr-MyAppDependency-TeamrTests-frameworks-${CONFIGURATION}-output-files.xcfilelist",
			);
			runOnlyForDeploymentPostprocessing = 0;
			shellPath = /bin/sh;
			shellScript = "\"${PODS_ROOT}/Target Support Files/Pods-Teamr-MyAppDependency-TeamrTests/Pods-Teamr-MyAppDependency-TeamrTests-frameworks.sh\"\n";
			showEnvVarsInLog = 0;
		};
/* End PBXShellScriptBuildPhase section */

/* Begin PBXSourcesBuildPhase section */
		290876B62AAF9E6B00573FBD /* Sources */ = {
			isa = PBXSourcesBuildPhase;
			buildActionMask = 2147483647;
			files = (
				29E6CF932AB04037007D0B37 /* EmployeeDirectoryPresenter.swift in Sources */,
				29E6CF9E2AB04B79007D0B37 /* Routables.swift in Sources */,
				29E6CF912AB03FC9007D0B37 /* EmployeeDirectoryInteractor.swift in Sources */,
				290876C22AAF9E6B00573FBD /* EmployeeDirectoryViewController.swift in Sources */,
				29E6CF8F2AB03E04007D0B37 /* EmployeeDirectoryModels.swift in Sources */,
				290876BE2AAF9E6B00573FBD /* AppDelegate.swift in Sources */,
				290876C02AAF9E6B00573FBD /* SceneDelegate.swift in Sources */,
				29E6CFA02AB0519F007D0B37 /* UITableView.swift in Sources */,
				29E6CF8D2AB03DFB007D0B37 /* EmployeeDirectoryInterfaces.swift in Sources */,
				29E6CF9C2AB04B49007D0B37 /* EmployeeDirectoryRouter.swift in Sources */,
				29E6CF982AB046CF007D0B37 /* EmployeeDirectoryTableViewCell.swift in Sources */,
			);
			runOnlyForDeploymentPostprocessing = 0;
		};
		290876CC2AAF9E6E00573FBD /* Sources */ = {
			isa = PBXSourcesBuildPhase;
			buildActionMask = 2147483647;
			files = (
				290876D52AAF9E6E00573FBD /* TeamrTests.swift in Sources */,
			);
			runOnlyForDeploymentPostprocessing = 0;
		};
/* End PBXSourcesBuildPhase section */

/* Begin PBXTargetDependency section */
		290876D22AAF9E6E00573FBD /* PBXTargetDependency */ = {
			isa = PBXTargetDependency;
			target = 290876B92AAF9E6B00573FBD /* Teamr */;
			targetProxy = 290876D12AAF9E6E00573FBD /* PBXContainerItemProxy */;
		};
/* End PBXTargetDependency section */

/* Begin PBXVariantGroup section */
		290876C32AAF9E6B00573FBD /* EmployeeDirectoryViewController.storyboard */ = {
			isa = PBXVariantGroup;
			children = (
				290876C42AAF9E6B00573FBD /* Base */,
			);
			name = EmployeeDirectoryViewController.storyboard;
			sourceTree = "<group>";
		};
		290876C82AAF9E6D00573FBD /* LaunchScreen.storyboard */ = {
			isa = PBXVariantGroup;
			children = (
				290876C92AAF9E6D00573FBD /* Base */,
			);
			name = LaunchScreen.storyboard;
			sourceTree = "<group>";
		};
/* End PBXVariantGroup section */

/* Begin XCBuildConfiguration section */
		290876E22AAF9E6E00573FBD /* Debug */ = {
			isa = XCBuildConfiguration;
			buildSettings = {
				ALWAYS_SEARCH_USER_PATHS = NO;
				CLANG_ANALYZER_NONNULL = YES;
				CLANG_ANALYZER_NUMBER_OBJECT_CONVERSION = YES_AGGRESSIVE;
				CLANG_CXX_LANGUAGE_STANDARD = "gnu++17";
				CLANG_ENABLE_MODULES = YES;
				CLANG_ENABLE_OBJC_ARC = YES;
				CLANG_ENABLE_OBJC_WEAK = YES;
				CLANG_WARN_BLOCK_CAPTURE_AUTORELEASING = YES;
				CLANG_WARN_BOOL_CONVERSION = YES;
				CLANG_WARN_COMMA = YES;
				CLANG_WARN_CONSTANT_CONVERSION = YES;
				CLANG_WARN_DEPRECATED_OBJC_IMPLEMENTATIONS = YES;
				CLANG_WARN_DIRECT_OBJC_ISA_USAGE = YES_ERROR;
				CLANG_WARN_DOCUMENTATION_COMMENTS = YES;
				CLANG_WARN_EMPTY_BODY = YES;
				CLANG_WARN_ENUM_CONVERSION = YES;
				CLANG_WARN_INFINITE_RECURSION = YES;
				CLANG_WARN_INT_CONVERSION = YES;
				CLANG_WARN_NON_LITERAL_NULL_CONVERSION = YES;
				CLANG_WARN_OBJC_IMPLICIT_RETAIN_SELF = YES;
				CLANG_WARN_OBJC_LITERAL_CONVERSION = YES;
				CLANG_WARN_OBJC_ROOT_CLASS = YES_ERROR;
				CLANG_WARN_QUOTED_INCLUDE_IN_FRAMEWORK_HEADER = YES;
				CLANG_WARN_RANGE_LOOP_ANALYSIS = YES;
				CLANG_WARN_STRICT_PROTOTYPES = YES;
				CLANG_WARN_SUSPICIOUS_MOVE = YES;
				CLANG_WARN_UNGUARDED_AVAILABILITY = YES_AGGRESSIVE;
				CLANG_WARN_UNREACHABLE_CODE = YES;
				CLANG_WARN__DUPLICATE_METHOD_MATCH = YES;
				COPY_PHASE_STRIP = NO;
				DEBUG_INFORMATION_FORMAT = dwarf;
				ENABLE_STRICT_OBJC_MSGSEND = YES;
				ENABLE_TESTABILITY = YES;
				GCC_C_LANGUAGE_STANDARD = gnu11;
				GCC_DYNAMIC_NO_PIC = NO;
				GCC_NO_COMMON_BLOCKS = YES;
				GCC_OPTIMIZATION_LEVEL = 0;
				GCC_PREPROCESSOR_DEFINITIONS = (
					"DEBUG=1",
					"$(inherited)",
				);
				GCC_WARN_64_TO_32_BIT_CONVERSION = YES;
				GCC_WARN_ABOUT_RETURN_TYPE = YES_ERROR;
				GCC_WARN_UNDECLARED_SELECTOR = YES;
				GCC_WARN_UNINITIALIZED_AUTOS = YES_AGGRESSIVE;
				GCC_WARN_UNUSED_FUNCTION = YES;
				GCC_WARN_UNUSED_VARIABLE = YES;
				IPHONEOS_DEPLOYMENT_TARGET = 15.5;
				MTL_ENABLE_DEBUG_INFO = INCLUDE_SOURCE;
				MTL_FAST_MATH = YES;
				ONLY_ACTIVE_ARCH = YES;
				SDKROOT = iphoneos;
				SWIFT_ACTIVE_COMPILATION_CONDITIONS = DEBUG;
				SWIFT_OPTIMIZATION_LEVEL = "-Onone";
			};
			name = Debug;
		};
		290876E32AAF9E6E00573FBD /* Release */ = {
			isa = XCBuildConfiguration;
			buildSettings = {
				ALWAYS_SEARCH_USER_PATHS = NO;
				CLANG_ANALYZER_NONNULL = YES;
				CLANG_ANALYZER_NUMBER_OBJECT_CONVERSION = YES_AGGRESSIVE;
				CLANG_CXX_LANGUAGE_STANDARD = "gnu++17";
				CLANG_ENABLE_MODULES = YES;
				CLANG_ENABLE_OBJC_ARC = YES;
				CLANG_ENABLE_OBJC_WEAK = YES;
				CLANG_WARN_BLOCK_CAPTURE_AUTORELEASING = YES;
				CLANG_WARN_BOOL_CONVERSION = YES;
				CLANG_WARN_COMMA = YES;
				CLANG_WARN_CONSTANT_CONVERSION = YES;
				CLANG_WARN_DEPRECATED_OBJC_IMPLEMENTATIONS = YES;
				CLANG_WARN_DIRECT_OBJC_ISA_USAGE = YES_ERROR;
				CLANG_WARN_DOCUMENTATION_COMMENTS = YES;
				CLANG_WARN_EMPTY_BODY = YES;
				CLANG_WARN_ENUM_CONVERSION = YES;
				CLANG_WARN_INFINITE_RECURSION = YES;
				CLANG_WARN_INT_CONVERSION = YES;
				CLANG_WARN_NON_LITERAL_NULL_CONVERSION = YES;
				CLANG_WARN_OBJC_IMPLICIT_RETAIN_SELF = YES;
				CLANG_WARN_OBJC_LITERAL_CONVERSION = YES;
				CLANG_WARN_OBJC_ROOT_CLASS = YES_ERROR;
				CLANG_WARN_QUOTED_INCLUDE_IN_FRAMEWORK_HEADER = YES;
				CLANG_WARN_RANGE_LOOP_ANALYSIS = YES;
				CLANG_WARN_STRICT_PROTOTYPES = YES;
				CLANG_WARN_SUSPICIOUS_MOVE = YES;
				CLANG_WARN_UNGUARDED_AVAILABILITY = YES_AGGRESSIVE;
				CLANG_WARN_UNREACHABLE_CODE = YES;
				CLANG_WARN__DUPLICATE_METHOD_MATCH = YES;
				COPY_PHASE_STRIP = NO;
				DEBUG_INFORMATION_FORMAT = "dwarf-with-dsym";
				ENABLE_NS_ASSERTIONS = NO;
				ENABLE_STRICT_OBJC_MSGSEND = YES;
				GCC_C_LANGUAGE_STANDARD = gnu11;
				GCC_NO_COMMON_BLOCKS = YES;
				GCC_WARN_64_TO_32_BIT_CONVERSION = YES;
				GCC_WARN_ABOUT_RETURN_TYPE = YES_ERROR;
				GCC_WARN_UNDECLARED_SELECTOR = YES;
				GCC_WARN_UNINITIALIZED_AUTOS = YES_AGGRESSIVE;
				GCC_WARN_UNUSED_FUNCTION = YES;
				GCC_WARN_UNUSED_VARIABLE = YES;
				IPHONEOS_DEPLOYMENT_TARGET = 15.5;
				MTL_ENABLE_DEBUG_INFO = NO;
				MTL_FAST_MATH = YES;
				SDKROOT = iphoneos;
				SWIFT_COMPILATION_MODE = wholemodule;
				SWIFT_OPTIMIZATION_LEVEL = "-O";
				VALIDATE_PRODUCT = YES;
			};
			name = Release;
		};
		290876E52AAF9E6E00573FBD /* Debug */ = {
			isa = XCBuildConfiguration;
			baseConfigurationReference = 4607160551F964269A24E021 /* Pods-Teamr-MyAppDependency-Teamr.debug.xcconfig */;
			buildSettings = {
				ASSETCATALOG_COMPILER_APPICON_NAME = AppIcon;
				ASSETCATALOG_COMPILER_GLOBAL_ACCENT_COLOR_NAME = AccentColor;
				CODE_SIGN_STYLE = Automatic;
				CURRENT_PROJECT_VERSION = 1;
				DEVELOPMENT_TEAM = UBF73L2M5W;
				GENERATE_INFOPLIST_FILE = YES;
				INFOPLIST_FILE = Teamr/Resources/Info.plist;
				INFOPLIST_KEY_UIApplicationSupportsIndirectInputEvents = YES;
				INFOPLIST_KEY_UILaunchStoryboardName = LaunchScreen;
				INFOPLIST_KEY_UIMainStoryboardFile = EmployeeDirectoryViewController;
				INFOPLIST_KEY_UISupportedInterfaceOrientations_iPad = "UIInterfaceOrientationPortrait UIInterfaceOrientationPortraitUpsideDown UIInterfaceOrientationLandscapeLeft UIInterfaceOrientationLandscapeRight";
				INFOPLIST_KEY_UISupportedInterfaceOrientations_iPhone = "UIInterfaceOrientationPortrait UIInterfaceOrientationLandscapeLeft UIInterfaceOrientationLandscapeRight";
				LD_RUNPATH_SEARCH_PATHS = (
					"$(inherited)",
					"@executable_path/Frameworks",
				);
				MARKETING_VERSION = 1.0;
				PRODUCT_BUNDLE_IDENTIFIER = com.teamr.Teamr;
				PRODUCT_NAME = "$(TARGET_NAME)";
				SWIFT_EMIT_LOC_STRINGS = YES;
				SWIFT_VERSION = 5.0;
				TARGETED_DEVICE_FAMILY = "1,2";
			};
			name = Debug;
		};
		290876E62AAF9E6E00573FBD /* Release */ = {
			isa = XCBuildConfiguration;
			baseConfigurationReference = 57E4622649CFDB82E90D289E /* Pods-Teamr-MyAppDependency-Teamr.release.xcconfig */;
			buildSettings = {
				ASSETCATALOG_COMPILER_APPICON_NAME = AppIcon;
				ASSETCATALOG_COMPILER_GLOBAL_ACCENT_COLOR_NAME = AccentColor;
				CODE_SIGN_STYLE = Automatic;
				CURRENT_PROJECT_VERSION = 1;
				DEVELOPMENT_TEAM = UBF73L2M5W;
				GENERATE_INFOPLIST_FILE = YES;
				INFOPLIST_FILE = Teamr/Resources/Info.plist;
				INFOPLIST_KEY_UIApplicationSupportsIndirectInputEvents = YES;
				INFOPLIST_KEY_UILaunchStoryboardName = LaunchScreen;
				INFOPLIST_KEY_UIMainStoryboardFile = EmployeeDirectoryViewController;
				INFOPLIST_KEY_UISupportedInterfaceOrientations_iPad = "UIInterfaceOrientationPortrait UIInterfaceOrientationPortraitUpsideDown UIInterfaceOrientationLandscapeLeft UIInterfaceOrientationLandscapeRight";
				INFOPLIST_KEY_UISupportedInterfaceOrientations_iPhone = "UIInterfaceOrientationPortrait UIInterfaceOrientationLandscapeLeft UIInterfaceOrientationLandscapeRight";
				LD_RUNPATH_SEARCH_PATHS = (
					"$(inherited)",
					"@executable_path/Frameworks",
				);
				MARKETING_VERSION = 1.0;
				PRODUCT_BUNDLE_IDENTIFIER = com.teamr.Teamr;
				PRODUCT_NAME = "$(TARGET_NAME)";
				SWIFT_EMIT_LOC_STRINGS = YES;
				SWIFT_VERSION = 5.0;
				TARGETED_DEVICE_FAMILY = "1,2";
			};
			name = Release;
		};
		290876E82AAF9E6E00573FBD /* Debug */ = {
			isa = XCBuildConfiguration;
			baseConfigurationReference = 379D9EA41D191CE9E2297640 /* Pods-Teamr-MyAppDependency-TeamrTests.debug.xcconfig */;
			buildSettings = {
				ALWAYS_EMBED_SWIFT_STANDARD_LIBRARIES = YES;
				BUNDLE_LOADER = "$(TEST_HOST)";
				CODE_SIGN_STYLE = Automatic;
				CURRENT_PROJECT_VERSION = 1;
				DEVELOPMENT_TEAM = UBF73L2M5W;
				GENERATE_INFOPLIST_FILE = YES;
				IPHONEOS_DEPLOYMENT_TARGET = 15.5;
				MARKETING_VERSION = 1.0;
				PRODUCT_BUNDLE_IDENTIFIER = com.teamr.TeamrTests;
				PRODUCT_NAME = "$(TARGET_NAME)";
				SWIFT_EMIT_LOC_STRINGS = NO;
				SWIFT_VERSION = 5.0;
				TARGETED_DEVICE_FAMILY = "1,2";
				TEST_HOST = "$(BUILT_PRODUCTS_DIR)/Teamr.app/Teamr";
			};
			name = Debug;
		};
		290876E92AAF9E6E00573FBD /* Release */ = {
			isa = XCBuildConfiguration;
			baseConfigurationReference = 567B74D04E68D603675A3D77 /* Pods-Teamr-MyAppDependency-TeamrTests.release.xcconfig */;
			buildSettings = {
				ALWAYS_EMBED_SWIFT_STANDARD_LIBRARIES = YES;
				BUNDLE_LOADER = "$(TEST_HOST)";
				CODE_SIGN_STYLE = Automatic;
				CURRENT_PROJECT_VERSION = 1;
				DEVELOPMENT_TEAM = UBF73L2M5W;
				GENERATE_INFOPLIST_FILE = YES;
				IPHONEOS_DEPLOYMENT_TARGET = 15.5;
				MARKETING_VERSION = 1.0;
				PRODUCT_BUNDLE_IDENTIFIER = com.teamr.TeamrTests;
				PRODUCT_NAME = "$(TARGET_NAME)";
				SWIFT_EMIT_LOC_STRINGS = NO;
				SWIFT_VERSION = 5.0;
				TARGETED_DEVICE_FAMILY = "1,2";
				TEST_HOST = "$(BUILT_PRODUCTS_DIR)/Teamr.app/Teamr";
			};
			name = Release;
		};
/* End XCBuildConfiguration section */

/* Begin XCConfigurationList section */
		290876B52AAF9E6B00573FBD /* Build configuration list for PBXProject "Teamr" */ = {
			isa = XCConfigurationList;
			buildConfigurations = (
				290876E22AAF9E6E00573FBD /* Debug */,
				290876E32AAF9E6E00573FBD /* Release */,
			);
			defaultConfigurationIsVisible = 0;
			defaultConfigurationName = Release;
		};
		290876E42AAF9E6E00573FBD /* Build configuration list for PBXNativeTarget "Teamr" */ = {
			isa = XCConfigurationList;
			buildConfigurations = (
				290876E52AAF9E6E00573FBD /* Debug */,
				290876E62AAF9E6E00573FBD /* Release */,
			);
			defaultConfigurationIsVisible = 0;
			defaultConfigurationName = Release;
		};
		290876E72AAF9E6E00573FBD /* Build configuration list for PBXNativeTarget "TeamrTests" */ = {
			isa = XCConfigurationList;
			buildConfigurations = (
				290876E82AAF9E6E00573FBD /* Debug */,
				290876E92AAF9E6E00573FBD /* Release */,
			);
			defaultConfigurationIsVisible = 0;
			defaultConfigurationName = Release;
		};
/* End XCConfigurationList section */
	};
	rootObject = 290876B22AAF9E6B00573FBD /* Project object */;
}
